<?xml version="1.0" encoding="utf-8"?>
<Project ToolsVersion="4.0" xmlns="http://schemas.microsoft.com/developer/msbuild/2003">
  <ItemGroup>
    <Filter Include="gestures">
      <UniqueIdentifier>{2210cfa1-6b4f-4ebf-949e-ff11a63eef0b}</UniqueIdentifier>
    </Filter>
    <Filter Include="sensors">
      <UniqueIdentifier>{f8ed9c2c-e7cb-4679-b003-f3cdbe34d226}</UniqueIdentifier>
    </Filter>
    <Filter Include="tests">
      <UniqueIdentifier>{65c261cf-f962-4962-9694-92c022725d06}</UniqueIdentifier>
    </Filter>
    <Filter Include="libs">
      <UniqueIdentifier>{b95852b1-f2eb-45cc-83b2-3f872c165e88}</UniqueIdentifier>
    </Filter>
    <Filter Include="libs\tinythread++">
      <UniqueIdentifier>{67c552b0-e49a-4483-b6af-2947b100a4ee}</UniqueIdentifier>
    </Filter>
    <Filter Include="utils">
      <UniqueIdentifier>{0da65c93-fbfd-41da-a28f-0201c0bbff01}</UniqueIdentifier>
    </Filter>
    <Filter Include="libs\jsoncpp">
      <UniqueIdentifier>{48ffdbb3-9006-47d8-9758-1c1811f3c31c}</UniqueIdentifier>
    </Filter>
    <Filter Include="libs\jsoncpp\json">
      <UniqueIdentifier>{0e8631ec-36ee-4fb8-a7ef-16a212d730ac}</UniqueIdentifier>
    </Filter>
  </ItemGroup>
  <ItemGroup>
    <ClCompile Include="..\..\platform\win\sensors\DSMicrophone.cpp">
      <Filter>sensors</Filter>
    </ClCompile>
    <ClCompile Include="..\..\platform\win\tests\TestDSMicrophone.cpp">
      <Filter>tests</Filter>
    </ClCompile>
    <ClCompile Include="..\..\lib\tinythread++\tinythread.cpp">
      <Filter>libs\tinythread++</Filter>
    </ClCompile>
    <ClCompile Include="..\..\platform\win\gestures\DSSpeechGesture.cpp">
      <Filter>gestures</Filter>
    </ClCompile>
    <ClCompile Include="..\..\lib\jsoncpp\jsoncpp.cpp">
      <Filter>libs\jsoncpp</Filter>
    </ClCompile>
    <ClCompile Include="..\..\platform\win\gestures\DSSoundGesture.cpp">
      <Filter>gestures</Filter>
    </ClCompile>
    <ClCompile Include="..\..\platform\win\tests\TestDSSoundGesture.cpp">
      <Filter>tests</Filter>
    </ClCompile>
  </ItemGroup>
  <ItemGroup>
    <ClInclude Include="..\..\platform\win\sensors\DSMicrophone.h">
      <Filter>sensors</Filter>
    </ClInclude>
    <ClInclude Include="..\..\lib\tinythread++\tinythread.h">
      <Filter>libs\tinythread++</Filter>
    </ClInclude>
    <ClInclude Include="..\..\platform\win\gestures\DSSpeechGesture.h">
      <Filter>gestures</Filter>
    </ClInclude>
    <ClInclude Include="..\..\platform\win\utils\QIRef.h">
      <Filter>utils</Filter>
    </ClInclude>
    <ClInclude Include="..\..\lib\jsoncpp\json\json-forwards.h">
      <Filter>libs\jsoncpp\json</Filter>
    </ClInclude>
    <ClInclude Include="..\..\lib\jsoncpp\json\json.h">
      <Filter>libs\jsoncpp\json</Filter>
    </ClInclude>
    <ClInclude Include="..\..\platform\win\gestures\DSSoundGesture.h">
      <Filter>gestures</Filter>
    </ClInclude>
  </ItemGroup>
</Project>