
Microsoft Visual Studio Solution File, Format Version 12.00
# Visual Studio 14
VisualStudioVersion = 14.0.25123.0
MinimumVisualStudioVersion = 10.0.40219.1
Project("{8BC9CEB8-8B4A-11D0-8D11-00A0C91BC942}") = "face_plugin", "face_plugin\face_plugin.vcxproj", "{42609BA5-5FAD-4146-9F70-FDC5B188657B}"
EndProject
Project("{8BC9CEB8-8B4A-11D0-8D11-00A0C91BC942}") = "sensor_plugin", "sensor_plugin\sensor_plugin.vcxproj", "{2F2A28B8-7200-482F-9906-18CD1A773F2D}"
EndProject
Project("{2150E333-8FDC-42A3-9474-1A3956D46DE8}") = "plugins", "plugins", "{8F16BE43-9DDC-42D1-884C-A7011ECEBF66}"
EndProject
Project("{2150E333-8FDC-42A3-9474-1A3956D46DE8}") = "platforms", "platforms", "{57D4757D-006C-4695-91A7-2E3CBCA42DBE}"
EndProject
Project("{8BC9CEB8-8B4A-11D0-8D11-00A0C91BC942}") = "platform_nao", "platform_nao\platform_nao.vcxproj", "{483AB285-4030-4E25-B3BE-3274ECC09CAC}"
EndProject
Project("{8BC9CEB8-8B4A-11D0-8D11-00A0C91BC942}") = "platform_ros", "platform_ros\platform_ros.vcxproj", "{61529802-157A-427E-BD00-2E0BE8E2CC57}"
EndProject
Project("{8BC9CEB8-8B4A-11D0-8D11-00A0C91BC942}") = "platform_win", "platform_win\platform_win.vcxproj", "{2CA9F579-1EB9-46D0-A7DA-77B8832721BD}"
EndProject
Project("{2150E333-8FDC-42A3-9474-1A3956D46DE8}") = "libs", "libs", "{B90E0947-2DAF-4028-9EBE-AA7D28BCB55F}"
EndProject
Project("{8BC9CEB8-8B4A-11D0-8D11-00A0C91BC942}") = "libqi", "libqi\libqi.vcxproj", "{A98C57FB-2761-41A5-B047-28EE404E0E73}"
EndProject
Project("{8BC9CEB8-8B4A-11D0-8D11-00A0C91BC942}") = "platform_sota", "platform_sota\platform_sota.vcxproj", "{6D0E99FC-F76B-4D85-9EAC-4B431A722BD4}"
EndProject
Project("{8BC9CEB8-8B4A-11D0-8D11-00A0C91BC942}") = "sports_plugin", "sports_plugin\sports_plugin.vcxproj", "{8C8AA1FC-2BD0-4938-8B16-F2D0A7ECD582}"
EndProject
Project("{8BC9CEB8-8B4A-11D0-8D11-00A0C91BC942}") = "remote_plugin", "remote_plugin\remote_plugin.vcxproj", "{E274F431-B446-4591-B8BF-9DAE709AB5C6}"
EndProject
Global
	GlobalSection(SolutionConfigurationPlatforms) = preSolution
		Debug|x86 = Debug|x86
		Release|x86 = Release|x86
	EndGlobalSection
	GlobalSection(ProjectConfigurationPlatforms) = postSolution
		{42609BA5-5FAD-4146-9F70-FDC5B188657B}.Debug|x86.ActiveCfg = Debug|Win32
		{42609BA5-5FAD-4146-9F70-FDC5B188657B}.Debug|x86.Build.0 = Debug|Win32
		{42609BA5-5FAD-4146-9F70-FDC5B188657B}.Release|x86.ActiveCfg = Release|Win32
		{42609BA5-5FAD-4146-9F70-FDC5B188657B}.Release|x86.Build.0 = Release|Win32
		{2F2A28B8-7200-482F-9906-18CD1A773F2D}.Debug|x86.ActiveCfg = Debug|Win32
		{2F2A28B8-7200-482F-9906-18CD1A773F2D}.Debug|x86.Build.0 = Debug|Win32
		{2F2A28B8-7200-482F-9906-18CD1A773F2D}.Release|x86.ActiveCfg = Release|Win32
		{2F2A28B8-7200-482F-9906-18CD1A773F2D}.Release|x86.Build.0 = Release|Win32
		{483AB285-4030-4E25-B3BE-3274ECC09CAC}.Debug|x86.ActiveCfg = Debug|Win32
		{483AB285-4030-4E25-B3BE-3274ECC09CAC}.Debug|x86.Build.0 = Debug|Win32
		{483AB285-4030-4E25-B3BE-3274ECC09CAC}.Release|x86.ActiveCfg = Release|Win32
		{483AB285-4030-4E25-B3BE-3274ECC09CAC}.Release|x86.Build.0 = Release|Win32
		{61529802-157A-427E-BD00-2E0BE8E2CC57}.Debug|x86.ActiveCfg = Debug|Win32
		{61529802-157A-427E-BD00-2E0BE8E2CC57}.Debug|x86.Build.0 = Debug|Win32
		{61529802-157A-427E-BD00-2E0BE8E2CC57}.Release|x86.ActiveCfg = Release|Win32
		{61529802-157A-427E-BD00-2E0BE8E2CC57}.Release|x86.Build.0 = Release|Win32
		{2CA9F579-1EB9-46D0-A7DA-77B8832721BD}.Debug|x86.ActiveCfg = Debug|Win32
		{2CA9F579-1EB9-46D0-A7DA-77B8832721BD}.Debug|x86.Build.0 = Debug|Win32
		{2CA9F579-1EB9-46D0-A7DA-77B8832721BD}.Release|x86.ActiveCfg = Release|Win32
		{2CA9F579-1EB9-46D0-A7DA-77B8832721BD}.Release|x86.Build.0 = Release|Win32
		{A98C57FB-2761-41A5-B047-28EE404E0E73}.Debug|x86.ActiveCfg = Debug|Win32
		{A98C57FB-2761-41A5-B047-28EE404E0E73}.Debug|x86.Build.0 = Debug|Win32
		{A98C57FB-2761-41A5-B047-28EE404E0E73}.Release|x86.ActiveCfg = Release|Win32
		{A98C57FB-2761-41A5-B047-28EE404E0E73}.Release|x86.Build.0 = Release|Win32
		{6D0E99FC-F76B-4D85-9EAC-4B431A722BD4}.Debug|x86.ActiveCfg = Debug|Win32
		{6D0E99FC-F76B-4D85-9EAC-4B431A722BD4}.Debug|x86.Build.0 = Debug|Win32
		{6D0E99FC-F76B-4D85-9EAC-4B431A722BD4}.Release|x86.ActiveCfg = Release|Win32
		{6D0E99FC-F76B-4D85-9EAC-4B431A722BD4}.Release|x86.Build.0 = Release|Win32
		{8C8AA1FC-2BD0-4938-8B16-F2D0A7ECD582}.Debug|x86.ActiveCfg = Debug|Win32
		{8C8AA1FC-2BD0-4938-8B16-F2D0A7ECD582}.Debug|x86.Build.0 = Debug|Win32
		{8C8AA1FC-2BD0-4938-8B16-F2D0A7ECD582}.Release|x86.ActiveCfg = Release|Win32
		{8C8AA1FC-2BD0-4938-8B16-F2D0A7ECD582}.Release|x86.Build.0 = Release|Win32
		{E274F431-B446-4591-B8BF-9DAE709AB5C6}.Debug|x86.ActiveCfg = Debug|Win32
		{E274F431-B446-4591-B8BF-9DAE709AB5C6}.Debug|x86.Build.0 = Debug|Win32
		{E274F431-B446-4591-B8BF-9DAE709AB5C6}.Release|x86.ActiveCfg = Release|Win32
		{E274F431-B446-4591-B8BF-9DAE709AB5C6}.Release|x86.Build.0 = Release|Win32
	EndGlobalSection
	GlobalSection(SolutionProperties) = preSolution
		HideSolutionNode = FALSE
	EndGlobalSection
	GlobalSection(NestedProjects) = preSolution
		{42609BA5-5FAD-4146-9F70-FDC5B188657B} = {8F16BE43-9DDC-42D1-884C-A7011ECEBF66}
		{2F2A28B8-7200-482F-9906-18CD1A773F2D} = {8F16BE43-9DDC-42D1-884C-A7011ECEBF66}
		{483AB285-4030-4E25-B3BE-3274ECC09CAC} = {57D4757D-006C-4695-91A7-2E3CBCA42DBE}
		{61529802-157A-427E-BD00-2E0BE8E2CC57} = {57D4757D-006C-4695-91A7-2E3CBCA42DBE}
		{2CA9F579-1EB9-46D0-A7DA-77B8832721BD} = {57D4757D-006C-4695-91A7-2E3CBCA42DBE}
		{A98C57FB-2761-41A5-B047-28EE404E0E73} = {B90E0947-2DAF-4028-9EBE-AA7D28BCB55F}
		{6D0E99FC-F76B-4D85-9EAC-4B431A722BD4} = {57D4757D-006C-4695-91A7-2E3CBCA42DBE}
		{8C8AA1FC-2BD0-4938-8B16-F2D0A7ECD582} = {8F16BE43-9DDC-42D1-884C-A7011ECEBF66}
		{E274F431-B446-4591-B8BF-9DAE709AB5C6} = {8F16BE43-9DDC-42D1-884C-A7011ECEBF66}
	EndGlobalSection
EndGlobal
