
Microsoft Visual Studio Solution File, Format Version 12.00
# Visual Studio 14
VisualStudioVersion = 14.0.24720.0
MinimumVisualStudioVersion = 10.0.40219.1
Project("{8BC9CEB8-8B4A-11D0-8D11-00A0C91BC942}") = "sensor_plugin", "sensor_plugin\sensor_plugin.vcxproj", "{2F2A28B8-7200-482F-9906-18CD1A773F2D}"
	ProjectSection(ProjectDependencies) = postProject
		{74228ADE-F3ED-4F37-B92E-6A30A51605B4} = {74228ADE-F3ED-4F37-B92E-6A30A51605B4}
	EndProjectSection
EndProject
Project("{2150E333-8FDC-42A3-9474-1A3956D46DE8}") = "examples", "examples", "{8F16BE43-9DDC-42D1-884C-A7011ECEBF66}"
EndProject
Project("{8BC9CEB8-8B4A-11D0-8D11-00A0C91BC942}") = "self-sdk", "self-sdk\self-sdk.vcxproj", "{74228ADE-F3ED-4F37-B92E-6A30A51605B4}"
EndProject
Global
	GlobalSection(SolutionConfigurationPlatforms) = preSolution
		Debug|x64 = Debug|x64
		Debug|x86 = Debug|x86
		Release|x64 = Release|x64
		Release|x86 = Release|x86
	EndGlobalSection
	GlobalSection(ProjectConfigurationPlatforms) = postSolution
		{2F2A28B8-7200-482F-9906-18CD1A773F2D}.Debug|x64.ActiveCfg = Debug|Win32
		{2F2A28B8-7200-482F-9906-18CD1A773F2D}.Debug|x86.ActiveCfg = Debug|Win32
		{2F2A28B8-7200-482F-9906-18CD1A773F2D}.Debug|x86.Build.0 = Debug|Win32
		{2F2A28B8-7200-482F-9906-18CD1A773F2D}.Release|x64.ActiveCfg = Release|Win32
		{2F2A28B8-7200-482F-9906-18CD1A773F2D}.Release|x86.ActiveCfg = Release|Win32
		{2F2A28B8-7200-482F-9906-18CD1A773F2D}.Release|x86.Build.0 = Release|Win32
		{74228ADE-F3ED-4F37-B92E-6A30A51605B4}.Debug|x64.ActiveCfg = Debug|x64
		{74228ADE-F3ED-4F37-B92E-6A30A51605B4}.Debug|x64.Build.0 = Debug|x64
		{74228ADE-F3ED-4F37-B92E-6A30A51605B4}.Debug|x86.ActiveCfg = Debug|Win32
		{74228ADE-F3ED-4F37-B92E-6A30A51605B4}.Debug|x86.Build.0 = Debug|Win32
		{74228ADE-F3ED-4F37-B92E-6A30A51605B4}.Release|x64.ActiveCfg = Release|x64
		{74228ADE-F3ED-4F37-B92E-6A30A51605B4}.Release|x64.Build.0 = Release|x64
		{74228ADE-F3ED-4F37-B92E-6A30A51605B4}.Release|x86.ActiveCfg = Release|Win32
		{74228ADE-F3ED-4F37-B92E-6A30A51605B4}.Release|x86.Build.0 = Release|Win32
	EndGlobalSection
	GlobalSection(SolutionProperties) = preSolution
		HideSolutionNode = FALSE
	EndGlobalSection
	GlobalSection(NestedProjects) = preSolution
		{2F2A28B8-7200-482F-9906-18CD1A773F2D} = {8F16BE43-9DDC-42D1-884C-A7011ECEBF66}
	EndGlobalSection
EndGlobal
