<?xml version="1.0" encoding="utf-8"?>
<Project ToolsVersion="4.0" xmlns="http://schemas.microsoft.com/developer/msbuild/2003">
  <ItemGroup>
    <Filter Include="agent">
      <UniqueIdentifier>{feda81ce-11b5-4859-99dd-5b95c5c67f73}</UniqueIdentifier>
    </Filter>
    <Filter Include="agent\proxies">
      <UniqueIdentifier>{e5f2b1f7-3291-416d-88d2-1863ff56df90}</UniqueIdentifier>
    </Filter>
    <Filter Include="services">
      <UniqueIdentifier>{c360bc06-2a1b-43ad-9dc9-58dd41ac8f8f}</UniqueIdentifier>
    </Filter>
    <Filter Include="tests">
      <UniqueIdentifier>{ab99c54a-f1f1-4585-bf7b-b3480b643b46}</UniqueIdentifier>
    </Filter>
  </ItemGroup>
  <ItemGroup>
    <ClCompile Include="..\..\plugins\mergers\agent\proxies\MergersAndAcquisitionsProxy.cpp">
      <Filter>agent\proxies</Filter>
    </ClCompile>
    <ClCompile Include="..\..\plugins\mergers\services\MergersAndAcquisitions.cpp">
      <Filter>services</Filter>
    </ClCompile>
    <ClCompile Include="..\..\plugins\mergers\tests\TestMergersAndAcquisitions.cpp">
      <Filter>tests</Filter>
    </ClCompile>
  </ItemGroup>
  <ItemGroup>
    <ClInclude Include="..\..\plugins\mergers\agent\proxies\MergersAndAcquisitionsProxy.h">
      <Filter>agent\proxies</Filter>
    </ClInclude>
    <ClInclude Include="..\..\plugins\mergers\services\MergersAndAcquisitions.h">
      <Filter>services</Filter>
    </ClInclude>
  </ItemGroup>
</Project>