<?xml version="1.0" encoding="utf-8"?>
<Project ToolsVersion="4.0" xmlns="http://schemas.microsoft.com/developer/msbuild/2003">
  <ItemGroup>
    <Filter Include="blackboard">
      <UniqueIdentifier>{c698aff2-d175-4497-afdd-cada00017798}</UniqueIdentifier>
    </Filter>
    <Filter Include="agent">
      <UniqueIdentifier>{7e186231-7f18-45bd-92de-ca31d0666b38}</UniqueIdentifier>
    </Filter>
  </ItemGroup>
  <ItemGroup>
    <ClCompile Include="..\..\plugins\db_lookup\blackboard\LookupIntent.cpp">
      <Filter>blackboard</Filter>
    </ClCompile>
    <ClCompile Include="..\..\plugins\db_lookup\agent\LookupAgent.cpp">
      <Filter>agent</Filter>
    </ClCompile>
  </ItemGroup>
  <ItemGroup>
    <ClInclude Include="..\..\plugins\db_lookup\blackboard\LookupIntent.h">
      <Filter>blackboard</Filter>
    </ClInclude>
    <ClInclude Include="..\..\plugins\db_lookup\agent\LookupAgent.h">
      <Filter>agent</Filter>
    </ClInclude>
  </ItemGroup>
  <ItemGroup>
    <Text Include="..\..\plugins\db_lookup\CMakeLists.txt" />
  </ItemGroup>
</Project>