<?xml version="1.0" encoding="utf-8"?>
<Project ToolsVersion="4.0" xmlns="http://schemas.microsoft.com/developer/msbuild/2003">
  <ItemGroup>
    <Filter Include="libs">
      <UniqueIdentifier>{2e2518f2-410a-4fed-9032-bfdd2f935959}</UniqueIdentifier>
    </Filter>
    <Filter Include="libs\tinythread++">
      <UniqueIdentifier>{0bb519a2-8cb1-4fb5-ac8e-d5bf9122c262}</UniqueIdentifier>
    </Filter>
    <Filter Include="gestures">
      <UniqueIdentifier>{29be5f1a-8b29-4ef1-9a3d-941ac2aa58c9}</UniqueIdentifier>
    </Filter>
    <Filter Include="sensors">
      <UniqueIdentifier>{54eb2076-6a7b-4d9f-80c4-a8c9ad33c388}</UniqueIdentifier>
    </Filter>
    <Filter Include="tests">
      <UniqueIdentifier>{9e138275-a35c-4847-9b80-9f5adc6b2bc1}</UniqueIdentifier>
    </Filter>
    <Filter Include="libs\jsoncpp">
      <UniqueIdentifier>{ec60e690-0126-4a8c-9c42-f761824c55ee}</UniqueIdentifier>
    </Filter>
    <Filter Include="libs\jsoncpp\json">
      <UniqueIdentifier>{a45a1191-8f6e-43e8-a6cc-e4423928c005}</UniqueIdentifier>
    </Filter>
    <Filter Include="utils">
      <UniqueIdentifier>{069db7c3-e185-463f-bcfb-c0f28322324d}</UniqueIdentifier>
    </Filter>
    <Filter Include="services">
      <UniqueIdentifier>{9058973d-6e0f-4536-a93c-80cb3f9cf2ae}</UniqueIdentifier>
    </Filter>
  </ItemGroup>
  <ItemGroup>
    <ClInclude Include="..\..\lib\tinythread++\tinythread.h">
      <Filter>libs\tinythread++</Filter>
    </ClInclude>
    <ClInclude Include="..\..\platform\nao\gestures\NaoMoveJointGesture.h">
      <Filter>gestures</Filter>
    </ClInclude>
    <ClInclude Include="..\..\platform\nao\sensors\NaoMicrophone.h">
      <Filter>sensors</Filter>
    </ClInclude>
    <ClInclude Include="..\..\platform\nao\gestures\NaoSpeechGesture.h">
      <Filter>gestures</Filter>
    </ClInclude>
    <ClInclude Include="..\..\platform\nao\gestures\NaoMoveGesture.h">
      <Filter>gestures</Filter>
    </ClInclude>
    <ClInclude Include="..\..\platform\nao\gestures\NaoStatusGesture.h">
      <Filter>gestures</Filter>
    </ClInclude>
    <ClInclude Include="..\..\platform\nao\sensors\NaoCamera.h">
      <Filter>sensors</Filter>
    </ClInclude>
    <ClInclude Include="..\..\platform\nao\sensors\NaoTouch.h">
      <Filter>sensors</Filter>
    </ClInclude>
    <ClInclude Include="..\..\lib\jsoncpp\json\json-forwards.h">
      <Filter>libs\jsoncpp\json</Filter>
    </ClInclude>
    <ClInclude Include="..\..\lib\jsoncpp\json\json.h">
      <Filter>libs\jsoncpp\json</Filter>
    </ClInclude>
    <ClInclude Include="..\..\platform\nao\NaoPlatform.h" />
    <ClInclude Include="..\..\platform\nao\utils\QiHelpers.h">
      <Filter>utils</Filter>
    </ClInclude>
    <ClInclude Include="..\..\platform\nao\gestures\NaoAnimateGesture.h">
      <Filter>gestures</Filter>
    </ClInclude>
    <ClInclude Include="..\..\platform\nao\gestures\NaoPostureGesture.h">
      <Filter>gestures</Filter>
    </ClInclude>
    <ClInclude Include="..\..\platform\nao\sensors\NaoSpeechToText.h">
      <Filter>sensors</Filter>
    </ClInclude>
    <ClInclude Include="..\..\platform\nao\gestures\NaoGraspGesture.h">
      <Filter>gestures</Filter>
    </ClInclude>
    <ClInclude Include="..\..\platform\nao\sensors\NaoHealthSensor.h">
      <Filter>sensors</Filter>
    </ClInclude>
    <ClInclude Include="..\..\platform\nao\utils\AlHelpers.h">
      <Filter>utils</Filter>
    </ClInclude>
    <ClInclude Include="..\..\platform\nao\gestures\NaoSoundGesture.h">
      <Filter>gestures</Filter>
    </ClInclude>
    <ClInclude Include="..\..\platform\nao\sensors\NaoSonar.h">
      <Filter>sensors</Filter>
    </ClInclude>
    <ClInclude Include="..\..\platform\nao\sensors\Nao3DCamera.h">
      <Filter>sensors</Filter>
    </ClInclude>
    <ClInclude Include="..\..\platform\nao\sensors\NaoGaze.h">
      <Filter>sensors</Filter>
    </ClInclude>
    <ClInclude Include="..\..\platform\nao\sensors\NaoMood.h">
      <Filter>sensors</Filter>
    </ClInclude>
    <ClInclude Include="..\..\platform\nao\services\NaoURLService.h">
      <Filter>services</Filter>
    </ClInclude>
    <ClInclude Include="..\..\platform\nao\gestures\NaoSystemGesture.h">
      <Filter>gestures</Filter>
    </ClInclude>
    <ClInclude Include="..\..\platform\nao\gestures\NaoVolumeGesture.h">
      <Filter>gestures</Filter>
    </ClInclude>
    <ClInclude Include="..\..\platform\nao\sensors\NaoGestureSensor.h">
      <Filter>sensors</Filter>
    </ClInclude>
    <ClInclude Include="..\..\platform\nao\sensors\NaoLaser.h">
      <Filter>sensors</Filter>
    </ClInclude>
  </ItemGroup>
  <ItemGroup>
    <ClCompile Include="..\..\lib\tinythread++\tinythread.cpp">
      <Filter>libs\tinythread++</Filter>
    </ClCompile>
    <ClCompile Include="..\..\platform\nao\gestures\NaoMoveJointGesture.cpp">
      <Filter>gestures</Filter>
    </ClCompile>
    <ClCompile Include="..\..\platform\nao\sensors\NaoMicrophone.cpp">
      <Filter>sensors</Filter>
    </ClCompile>
    <ClCompile Include="..\..\platform\nao\tests\TestNaoMicrophone.cpp">
      <Filter>tests</Filter>
    </ClCompile>
    <ClCompile Include="..\..\platform\nao\tests\TestNaoCamera.cpp">
      <Filter>tests</Filter>
    </ClCompile>
    <ClCompile Include="..\..\platform\nao\gestures\NaoSpeechGesture.cpp">
      <Filter>gestures</Filter>
    </ClCompile>
    <ClCompile Include="..\..\platform\nao\gestures\NaoMoveGesture.cpp">
      <Filter>gestures</Filter>
    </ClCompile>
    <ClCompile Include="..\..\platform\nao\gestures\NaoStatusGesture.cpp">
      <Filter>gestures</Filter>
    </ClCompile>
    <ClCompile Include="..\..\platform\nao\sensors\NaoCamera.cpp">
      <Filter>sensors</Filter>
    </ClCompile>
    <ClCompile Include="..\..\platform\nao\sensors\NaoTouch.cpp">
      <Filter>sensors</Filter>
    </ClCompile>
    <ClCompile Include="..\..\platform\nao\tests\TestLIBQI.cpp">
      <Filter>tests</Filter>
    </ClCompile>
    <ClCompile Include="..\..\lib\jsoncpp\jsoncpp.cpp">
      <Filter>libs\jsoncpp</Filter>
    </ClCompile>
    <ClCompile Include="..\..\platform\nao\NaoPlatform.cpp" />
    <ClCompile Include="..\..\platform\nao\tests\TestNaoPlatform.cpp">
      <Filter>tests</Filter>
    </ClCompile>
    <ClCompile Include="..\..\platform\nao\utils\QiHelpers.cpp">
      <Filter>utils</Filter>
    </ClCompile>
    <ClCompile Include="..\..\platform\nao\tests\TestNaoTouch.cpp">
      <Filter>tests</Filter>
    </ClCompile>
    <ClCompile Include="..\..\platform\nao\gestures\NaoAnimateGesture.cpp">
      <Filter>gestures</Filter>
    </ClCompile>
    <ClCompile Include="..\..\platform\nao\gestures\NaoPostureGesture.cpp">
      <Filter>gestures</Filter>
    </ClCompile>
    <ClCompile Include="..\..\platform\nao\sensors\NaoSpeechToText.cpp">
      <Filter>sensors</Filter>
    </ClCompile>
    <ClCompile Include="..\..\platform\nao\gestures\NaoGraspGesture.cpp">
      <Filter>gestures</Filter>
    </ClCompile>
    <ClCompile Include="..\..\platform\nao\sensors\NaoHealthSensor.cpp">
      <Filter>sensors</Filter>
    </ClCompile>
    <ClCompile Include="..\..\platform\nao\utils\AlHelpers.cpp">
      <Filter>utils</Filter>
    </ClCompile>
    <ClCompile Include="..\..\platform\nao\gestures\NaoSoundGesture.cpp">
      <Filter>gestures</Filter>
    </ClCompile>
    <ClCompile Include="..\..\platform\nao\sensors\NaoSonar.cpp">
      <Filter>sensors</Filter>
    </ClCompile>
    <ClCompile Include="..\..\platform\nao\tests\TestNaoSoundGesture.cpp">
      <Filter>tests</Filter>
    </ClCompile>
    <ClCompile Include="..\..\platform\nao\tests\TestNao3DCamera.cpp">
      <Filter>tests</Filter>
    </ClCompile>
    <ClCompile Include="..\..\platform\nao\tests\TestNaoHealthSensor.cpp">
      <Filter>tests</Filter>
    </ClCompile>
    <ClCompile Include="..\..\platform\nao\tests\TestNaoSonar.cpp">
      <Filter>tests</Filter>
    </ClCompile>
    <ClCompile Include="..\..\platform\nao\sensors\Nao3DCamera.cpp">
      <Filter>sensors</Filter>
    </ClCompile>
    <ClCompile Include="..\..\platform\nao\sensors\NaoGaze.cpp">
      <Filter>sensors</Filter>
    </ClCompile>
    <ClCompile Include="..\..\platform\nao\sensors\NaoMood.cpp">
      <Filter>sensors</Filter>
    </ClCompile>
    <ClCompile Include="..\..\platform\nao\services\NaoURLService.cpp">
      <Filter>services</Filter>
    </ClCompile>
    <ClCompile Include="..\..\platform\nao\gestures\NaoSystemGesture.cpp">
      <Filter>gestures</Filter>
    </ClCompile>
    <ClCompile Include="..\..\platform\nao\gestures\NaoVolumeGesture.cpp">
      <Filter>gestures</Filter>
    </ClCompile>
    <ClCompile Include="..\..\platform\nao\sensors\NaoGestureSensor.cpp">
      <Filter>sensors</Filter>
    </ClCompile>
    <ClCompile Include="..\..\platform\nao\sensors\NaoLaser.cpp">
      <Filter>sensors</Filter>
    </ClCompile>
    <ClCompile Include="..\..\platform\nao\tests\TestNaoGaze.cpp">
      <Filter>tests</Filter>
    </ClCompile>
    <ClCompile Include="..\..\platform\nao\tests\TestNaoLaser.cpp">
      <Filter>tests</Filter>
    </ClCompile>
    <ClCompile Include="..\..\platform\nao\tests\TestNaoMood.cpp">
      <Filter>tests</Filter>
    </ClCompile>
    <ClCompile Include="..\..\platform\nao\tests\TestNaoVolume.cpp">
      <Filter>tests</Filter>
    </ClCompile>
  </ItemGroup>
  <ItemGroup>
    <Text Include="..\..\platform\nao\CMakeLists.txt" />
    <Text Include="..\..\lib\CMakeLists.txt">
      <Filter>libs</Filter>
    </Text>
  </ItemGroup>
</Project>