<?xml version="1.0" encoding="utf-8"?>
<Project ToolsVersion="4.0" xmlns="http://schemas.microsoft.com/developer/msbuild/2003">
  <ItemGroup>
    <Filter Include="sensors">
      <UniqueIdentifier>{fa934447-3c2d-42be-be30-5c87e20ea304}</UniqueIdentifier>
    </Filter>
  </ItemGroup>
  <ItemGroup>
    <ClCompile Include="..\..\platform\linux\sensors\LinuxCamera.cpp">
      <Filter>sensors</Filter>
    </ClCompile>
    <ClCompile Include="..\..\platform\linux\sensors\LinuxMicrophone.cpp">
      <Filter>sensors</Filter>
    </ClCompile>
  </ItemGroup>
  <ItemGroup>
    <ClInclude Include="..\..\platform\linux\sensors\LinuxCamera.h">
      <Filter>sensors</Filter>
    </ClInclude>
    <ClInclude Include="..\..\platform\linux\sensors\LinuxMicrophone.h">
      <Filter>sensors</Filter>
    </ClInclude>
  </ItemGroup>
  <ItemGroup>
    <Text Include="..\..\platform\linux\CMakeLists.txt" />
  </ItemGroup>
</Project>